<?xml version="1.0" encoding="utf-8"?>
<Project ToolsVersion="4.0" xmlns="http://schemas.microsoft.com/developer/msbuild/2003">
  <ItemGroup>
    <Filter Include="Source Files">
      <UniqueIdentifier>{15025b95-8967-4886-9bb6-148f97436cb6}</UniqueIdentifier>
      <Extensions>cpp;c;cxx;rc;def;r;odl;idl;hpj;bat</Extensions>
    </Filter>
    <Filter Include="Source Files\cpu">
      <UniqueIdentifier>{14caaae2-4eb5-4b74-b9fc-26771d7a66bb}</UniqueIdentifier>
    </Filter>
    <Filter Include="Source Files\cpu\core_normal">
      <UniqueIdentifier>{d2d1690b-4e0c-4f07-963c-e16c741c61dc}</UniqueIdentifier>
    </Filter>
    <Filter Include="Source Files\cpu\core_full">
      <UniqueIdentifier>{9e779477-83c8-499f-9daf-1dbaf6701b69}</UniqueIdentifier>
    </Filter>
    <Filter Include="Source Files\cpu\core_dyn_x86">
      <UniqueIdentifier>{98fc4f8f-50b6-4877-abe5-c86399e53352}</UniqueIdentifier>
    </Filter>
    <Filter Include="Source Files\cpu\core_dynrec">
      <UniqueIdentifier>{b2443065-9621-4215-b32e-8b2848158e74}</UniqueIdentifier>
    </Filter>
    <Filter Include="Source Files\debug">
      <UniqueIdentifier>{ddb2f0ff-8731-45cf-bb2e-a1ba838382c5}</UniqueIdentifier>
    </Filter>
    <Filter Include="Source Files\dos">
      <UniqueIdentifier>{289930f6-ca30-4e23-8fa7-7d85ba4b05ef}</UniqueIdentifier>
    </Filter>
    <Filter Include="Source Files\dos\win32headers">
      <UniqueIdentifier>{49bdda9d-a7d4-4462-be95-8c7770b2a075}</UniqueIdentifier>
    </Filter>
    <Filter Include="Source Files\dos\cdrom">
      <UniqueIdentifier>{a0f3491d-2f1f-49a9-a9b0-3430b934308e}</UniqueIdentifier>
    </Filter>
    <Filter Include="Source Files\dos\drives">
      <UniqueIdentifier>{1d22b3e1-9137-44a2-83a9-0ea1025f792d}</UniqueIdentifier>
    </Filter>
    <Filter Include="Source Files\hardware">
      <UniqueIdentifier>{671072ff-8487-47d3-a006-a3a2b8fa3a84}</UniqueIdentifier>
    </Filter>
    <Filter Include="Source Files\hardware\vga">
      <UniqueIdentifier>{5d0fc362-8933-486d-9c16-b84376d4b4ce}</UniqueIdentifier>
    </Filter>
    <Filter Include="Source Files\hardware\sound">
      <UniqueIdentifier>{c269dd29-3ed5-487d-9c6a-d9b7d82370a4}</UniqueIdentifier>
    </Filter>
    <Filter Include="Source Files\hardware\serialport">
      <UniqueIdentifier>{71b1161a-edc9-4a5c-bad9-64090d6e8e8d}</UniqueIdentifier>
    </Filter>
    <Filter Include="Source Files\gui">
      <UniqueIdentifier>{9846845b-6de9-439a-9acc-fff8fcbd4147}</UniqueIdentifier>
    </Filter>
    <Filter Include="Source Files\ints">
      <UniqueIdentifier>{d2142c0e-c935-4f2a-9f24-16c0b872b0a5}</UniqueIdentifier>
    </Filter>
    <Filter Include="Source Files\ints\int10">
      <UniqueIdentifier>{3f6d84ec-a769-4555-907e-addbbc49073b}</UniqueIdentifier>
    </Filter>
    <Filter Include="Source Files\shell">
      <UniqueIdentifier>{119558e0-a2d4-4498-9da3-ed37273ff4b0}</UniqueIdentifier>
    </Filter>
    <Filter Include="Source Files\misc">
      <UniqueIdentifier>{575ae9b8-acd2-48fb-80e8-18bb7684fa1f}</UniqueIdentifier>
    </Filter>
    <Filter Include="Source Files\visualc">
      <UniqueIdentifier>{533c91dc-8824-4631-9ff2-85cde92d7ec3}</UniqueIdentifier>
    </Filter>
    <Filter Include="Source Files\fpu">
      <UniqueIdentifier>{cf107038-fcd3-4452-b36d-8978425f409f}</UniqueIdentifier>
    </Filter>
    <Filter Include="Header Files">
      <UniqueIdentifier>{72f8e966-a9ed-4f8e-96eb-a3fc79d6ee2f}</UniqueIdentifier>
      <Extensions>h;hpp;hxx;hm;inl</Extensions>
    </Filter>
  </ItemGroup>
  <ItemGroup>
    <ClCompile Include="..\src\dosbox.cpp">
      <Filter>Source Files</Filter>
    </ClCompile>
    <ClCompile Include="..\src\cpu\callback.cpp">
      <Filter>Source Files\cpu</Filter>
    </ClCompile>
    <ClCompile Include="..\src\cpu\core_dyn_x86.cpp">
      <Filter>Source Files\cpu</Filter>
    </ClCompile>
    <ClCompile Include="..\src\cpu\core_dynrec.cpp">
      <Filter>Source Files\cpu</Filter>
    </ClCompile>
    <ClCompile Include="..\src\cpu\core_full.cpp">
      <Filter>Source Files\cpu</Filter>
    </ClCompile>
    <ClCompile Include="..\src\cpu\core_normal.cpp">
      <Filter>Source Files\cpu</Filter>
    </ClCompile>
    <ClCompile Include="..\src\cpu\core_prefetch.cpp">
      <Filter>Source Files\cpu</Filter>
    </ClCompile>
    <ClCompile Include="..\src\cpu\core_simple.cpp">
      <Filter>Source Files\cpu</Filter>
    </ClCompile>
    <ClCompile Include="..\src\cpu\cpu.cpp">
      <Filter>Source Files\cpu</Filter>
    </ClCompile>
    <ClCompile Include="..\src\cpu\flags.cpp">
      <Filter>Source Files\cpu</Filter>
    </ClCompile>
    <ClCompile Include="..\src\cpu\modrm.cpp">
      <Filter>Source Files\cpu</Filter>
    </ClCompile>
    <ClCompile Include="..\src\cpu\paging.cpp">
      <Filter>Source Files\cpu</Filter>
    </ClCompile>
    <ClCompile Include="..\src\debug\debug.cpp">
      <Filter>Source Files\debug</Filter>
    </ClCompile>
    <ClCompile Include="..\src\debug\debug_disasm.cpp">
      <Filter>Source Files\debug</Filter>
    </ClCompile>
    <ClCompile Include="..\src\debug\debug_gui.cpp">
      <Filter>Source Files\debug</Filter>
    </ClCompile>
    <ClCompile Include="..\src\debug\debug_win32.cpp">
      <Filter>Source Files\debug</Filter>
    </ClCompile>
    <ClCompile Include="..\src\dos\dos.cpp">
      <Filter>Source Files\dos</Filter>
    </ClCompile>
    <ClCompile Include="..\src\dos\dos_classes.cpp">
      <Filter>Source Files\dos</Filter>
    </ClCompile>
    <ClCompile Include="..\src\dos\dos_devices.cpp">
      <Filter>Source Files\dos</Filter>
    </ClCompile>
    <ClCompile Include="..\src\dos\dos_execute.cpp">
      <Filter>Source Files\dos</Filter>
    </ClCompile>
    <ClCompile Include="..\src\dos\dos_files.cpp">
      <Filter>Source Files\dos</Filter>
    </ClCompile>
    <ClCompile Include="..\src\dos\dos_ioctl.cpp">
      <Filter>Source Files\dos</Filter>
    </ClCompile>
    <ClCompile Include="..\src\dos\dos_keyboard_layout.cpp">
      <Filter>Source Files\dos</Filter>
    </ClCompile>
    <ClCompile Include="..\src\dos\dos_memory.cpp">
      <Filter>Source Files\dos</Filter>
    </ClCompile>
    <ClCompile Include="..\src\dos\dos_misc.cpp">
      <Filter>Source Files\dos</Filter>
    </ClCompile>
    <ClCompile Include="..\src\dos\dos_mscdex.cpp">
      <Filter>Source Files\dos</Filter>
    </ClCompile>
    <ClCompile Include="..\src\dos\dos_programs.cpp">
      <Filter>Source Files\dos</Filter>
    </ClCompile>
    <ClCompile Include="..\src\dos\dos_tables.cpp">
      <Filter>Source Files\dos</Filter>
    </ClCompile>
    <ClCompile Include="..\src\dos\cdrom.cpp">
      <Filter>Source Files\dos\cdrom</Filter>
    </ClCompile>
    <ClCompile Include="..\src\dos\cdrom_aspi_win32.cpp">
      <Filter>Source Files\dos\cdrom</Filter>
    </ClCompile>
    <ClCompile Include="..\src\dos\cdrom_image.cpp">
      <Filter>Source Files\dos\cdrom</Filter>
    </ClCompile>
    <ClCompile Include="..\src\dos\cdrom_ioctl_win32.cpp">
      <Filter>Source Files\dos\cdrom</Filter>
    </ClCompile>
    <ClCompile Include="..\src\dos\drive_cache.cpp">
      <Filter>Source Files\dos\drives</Filter>
    </ClCompile>
    <ClCompile Include="..\src\dos\drive_fat.cpp">
      <Filter>Source Files\dos\drives</Filter>
    </ClCompile>
    <ClCompile Include="..\src\dos\drive_iso.cpp">
      <Filter>Source Files\dos\drives</Filter>
    </ClCompile>
    <ClCompile Include="..\src\dos\drive_local.cpp">
      <Filter>Source Files\dos\drives</Filter>
    </ClCompile>
    <ClCompile Include="..\src\dos\drive_virtual.cpp">
      <Filter>Source Files\dos\drives</Filter>
    </ClCompile>
    <ClCompile Include="..\src\dos\drives.cpp">
      <Filter>Source Files\dos\drives</Filter>
    </ClCompile>
    <ClCompile Include="..\src\hardware\cmos.cpp">
      <Filter>Source Files\hardware</Filter>
    </ClCompile>
    <ClCompile Include="..\src\hardware\dma.cpp">
      <Filter>Source Files\hardware</Filter>
    </ClCompile>
    <ClCompile Include="..\src\hardware\hardware.cpp">
      <Filter>Source Files\hardware</Filter>
    </ClCompile>
    <ClCompile Include="..\src\hardware\iohandler.cpp">
      <Filter>Source Files\hardware</Filter>
    </ClCompile>
    <ClCompile Include="..\src\hardware\ipx.cpp">
      <Filter>Source Files\hardware</Filter>
    </ClCompile>
    <ClCompile Include="..\src\hardware\ipxserver.cpp">
      <Filter>Source Files\hardware</Filter>
    </ClCompile>
    <ClCompile Include="..\src\hardware\joystick.cpp">
      <Filter>Source Files\hardware</Filter>
    </ClCompile>
    <ClCompile Include="..\src\hardware\keyboard.cpp">
      <Filter>Source Files\hardware</Filter>
    </ClCompile>
    <ClCompile Include="..\src\hardware\memory.cpp">
      <Filter>Source Files\hardware</Filter>
    </ClCompile>
    <ClCompile Include="..\src\hardware\mixer.cpp">
      <Filter>Source Files\hardware</Filter>
    </ClCompile>
    <ClCompile Include="..\src\hardware\pic.cpp">
      <Filter>Source Files\hardware</Filter>
    </ClCompile>
    <ClCompile Include="..\src\hardware\timer.cpp">
      <Filter>Source Files\hardware</Filter>
    </ClCompile>
    <ClCompile Include="..\src\hardware\vga.cpp">
      <Filter>Source Files\hardware\vga</Filter>
    </ClCompile>
    <ClCompile Include="..\src\hardware\vga_attr.cpp">
      <Filter>Source Files\hardware\vga</Filter>
    </ClCompile>
    <ClCompile Include="..\src\hardware\vga_crtc.cpp">
      <Filter>Source Files\hardware\vga</Filter>
    </ClCompile>
    <ClCompile Include="..\src\hardware\vga_dac.cpp">
      <Filter>Source Files\hardware\vga</Filter>
    </ClCompile>
    <ClCompile Include="..\src\hardware\vga_draw.cpp">
      <Filter>Source Files\hardware\vga</Filter>
    </ClCompile>
    <ClCompile Include="..\src\hardware\vga_gfx.cpp">
      <Filter>Source Files\hardware\vga</Filter>
    </ClCompile>
    <ClCompile Include="..\src\hardware\vga_memory.cpp">
      <Filter>Source Files\hardware\vga</Filter>
    </ClCompile>
    <ClCompile Include="..\src\hardware\vga_misc.cpp">
      <Filter>Source Files\hardware\vga</Filter>
    </ClCompile>
    <ClCompile Include="..\src\hardware\vga_other.cpp">
      <Filter>Source Files\hardware\vga</Filter>
    </ClCompile>
    <ClCompile Include="..\src\hardware\vga_paradise.cpp">
      <Filter>Source Files\hardware\vga</Filter>
    </ClCompile>
    <ClCompile Include="..\src\hardware\vga_s3.cpp">
      <Filter>Source Files\hardware\vga</Filter>
    </ClCompile>
    <ClCompile Include="..\src\hardware\vga_seq.cpp">
      <Filter>Source Files\hardware\vga</Filter>
    </ClCompile>
    <ClCompile Include="..\src\hardware\vga_tseng.cpp">
      <Filter>Source Files\hardware\vga</Filter>
    </ClCompile>
    <ClCompile Include="..\src\hardware\vga_xga.cpp">
      <Filter>Source Files\hardware\vga</Filter>
    </ClCompile>
    <ClCompile Include="..\src\hardware\adlib.cpp">
      <Filter>Source Files\hardware\sound</Filter>
    </ClCompile>
    <ClCompile Include="..\src\hardware\dbopl.cpp">
      <Filter>Source Files\hardware\sound</Filter>
    </ClCompile>
    <ClCompile Include="..\src\hardware\disney.cpp">
      <Filter>Source Files\hardware\sound</Filter>
    </ClCompile>
    <ClCompile Include="..\src\hardware\gameblaster.cpp">
      <Filter>Source Files\hardware\sound</Filter>
    </ClCompile>
    <ClCompile Include="..\src\hardware\gus.cpp">
      <Filter>Source Files\hardware\sound</Filter>
    </ClCompile>
    <ClCompile Include="..\src\hardware\mpu401.cpp">
      <Filter>Source Files\hardware\sound</Filter>
    </ClCompile>
    <ClCompile Include="..\src\hardware\pcspeaker.cpp">
      <Filter>Source Files\hardware\sound</Filter>
    </ClCompile>
    <ClCompile Include="..\src\hardware\sblaster.cpp">
      <Filter>Source Files\hardware\sound</Filter>
    </ClCompile>
    <ClCompile Include="..\src\hardware\tandy_sound.cpp">
      <Filter>Source Files\hardware\sound</Filter>
    </ClCompile>
    <ClCompile Include="..\src\hardware\serialport\directserial.cpp">
      <Filter>Source Files\hardware\serialport</Filter>
    </ClCompile>
    <ClCompile Include="..\src\hardware\serialport\libserial.cpp">
      <Filter>Source Files\hardware\serialport</Filter>
    </ClCompile>
    <ClCompile Include="..\src\hardware\serialport\misc_util.cpp">
      <Filter>Source Files\hardware\serialport</Filter>
    </ClCompile>
    <ClCompile Include="..\src\hardware\serialport\nullmodem.cpp">
      <Filter>Source Files\hardware\serialport</Filter>
    </ClCompile>
    <ClCompile Include="..\src\hardware\serialport\serialdummy.cpp">
      <Filter>Source Files\hardware\serialport</Filter>
    </ClCompile>
    <ClCompile Include="..\src\hardware\serialport\serialport.cpp">
      <Filter>Source Files\hardware\serialport</Filter>
    </ClCompile>
    <ClCompile Include="..\src\hardware\serialport\softmodem.cpp">
      <Filter>Source Files\hardware\serialport</Filter>
    </ClCompile>
    <ClCompile Include="..\src\libs\gui_tk\gui_tk.cpp">
      <Filter>Source Files\gui</Filter>
    </ClCompile>
    <ClCompile Include="..\src\gui\midi.cpp">
      <Filter>Source Files\gui</Filter>
    </ClCompile>
    <ClCompile Include="..\src\gui\render.cpp">
      <Filter>Source Files\gui</Filter>
    </ClCompile>
    <ClCompile Include="..\src\gui\render_scalers.cpp">
      <Filter>Source Files\gui</Filter>
    </ClCompile>
    <ClCompile Include="..\src\gui\sdl_gui.cpp">
      <Filter>Source Files\gui</Filter>
    </ClCompile>
    <ClCompile Include="..\src\gui\sdl_mapper.cpp">
      <Filter>Source Files\gui</Filter>
    </ClCompile>
    <ClCompile Include="..\src\gui\sdlmain.cpp">
      <Filter>Source Files\gui</Filter>
    </ClCompile>
    <ClCompile Include="..\src\ints\bios.cpp">
      <Filter>Source Files\ints</Filter>
    </ClCompile>
    <ClCompile Include="..\src\ints\bios_disk.cpp">
      <Filter>Source Files\ints</Filter>
    </ClCompile>
    <ClCompile Include="..\src\ints\bios_keyboard.cpp">
      <Filter>Source Files\ints</Filter>
    </ClCompile>
    <ClCompile Include="..\src\ints\ems.cpp">
      <Filter>Source Files\ints</Filter>
    </ClCompile>
    <ClCompile Include="..\src\ints\mouse.cpp">
      <Filter>Source Files\ints</Filter>
    </ClCompile>
    <ClCompile Include="..\src\ints\xms.cpp">
      <Filter>Source Files\ints</Filter>
    </ClCompile>
    <ClCompile Include="..\src\ints\int10.cpp">
      <Filter>Source Files\ints\int10</Filter>
    </ClCompile>
    <ClCompile Include="..\src\ints\int10_char.cpp">
      <Filter>Source Files\ints\int10</Filter>
    </ClCompile>
    <ClCompile Include="..\src\ints\int10_memory.cpp">
      <Filter>Source Files\ints\int10</Filter>
    </ClCompile>
    <ClCompile Include="..\src\ints\int10_misc.cpp">
      <Filter>Source Files\ints\int10</Filter>
    </ClCompile>
    <ClCompile Include="..\src\ints\int10_modes.cpp">
      <Filter>Source Files\ints\int10</Filter>
    </ClCompile>
    <ClCompile Include="..\src\ints\int10_pal.cpp">
      <Filter>Source Files\ints\int10</Filter>
    </ClCompile>
    <ClCompile Include="..\src\ints\int10_put_pixel.cpp">
      <Filter>Source Files\ints\int10</Filter>
    </ClCompile>
    <ClCompile Include="..\src\ints\int10_vesa.cpp">
      <Filter>Source Files\ints\int10</Filter>
    </ClCompile>
    <ClCompile Include="..\src\ints\int10_video_state.cpp">
      <Filter>Source Files\ints\int10</Filter>
    </ClCompile>
    <ClCompile Include="..\src\ints\int10_vptable.cpp">
      <Filter>Source Files\ints\int10</Filter>
    </ClCompile>
    <ClCompile Include="..\src\shell\shell.cpp">
      <Filter>Source Files\shell</Filter>
    </ClCompile>
    <ClCompile Include="..\src\shell\shell_batch.cpp">
      <Filter>Source Files\shell</Filter>
    </ClCompile>
    <ClCompile Include="..\src\shell\shell_cmds.cpp">
      <Filter>Source Files\shell</Filter>
    </ClCompile>
    <ClCompile Include="..\src\shell\shell_misc.cpp">
      <Filter>Source Files\shell</Filter>
    </ClCompile>
    <ClCompile Include="..\src\misc\cross.cpp">
      <Filter>Source Files\misc</Filter>
    </ClCompile>
    <ClCompile Include="..\src\misc\messages.cpp">
      <Filter>Source Files\misc</Filter>
    </ClCompile>
    <ClCompile Include="..\src\misc\programs.cpp">
      <Filter>Source Files\misc</Filter>
    </ClCompile>
    <ClCompile Include="..\src\misc\setup.cpp">
      <Filter>Source Files\misc</Filter>
    </ClCompile>
    <ClCompile Include="..\src\misc\support.cpp">
      <Filter>Source Files\misc</Filter>
    </ClCompile>
    <ClCompile Include="..\src\fpu\fpu.cpp">
      <Filter>Source Files\fpu</Filter>
    </ClCompile>
  </ItemGroup>
  <ItemGroup>
    <ResourceCompile Include="..\src\winres.rc">
      <Filter>Source Files</Filter>
    </ResourceCompile>
  </ItemGroup>
  <ItemGroup>
    <ClInclude Include="..\src\cpu\instructions.h">
      <Filter>Source Files\cpu</Filter>
    </ClInclude>
    <ClInclude Include="..\src\cpu\lazyflags.h">
      <Filter>Source Files\cpu</Filter>
    </ClInclude>
    <ClInclude Include="..\src\cpu\modrm.h">
      <Filter>Source Files\cpu</Filter>
    </ClInclude>
    <ClInclude Include="..\src\cpu\core_normal\helpers.h">
      <Filter>Source Files\cpu\core_normal</Filter>
    </ClInclude>
    <ClInclude Include="..\src\cpu\core_normal\prefix_0f.h">
      <Filter>Source Files\cpu\core_normal</Filter>
    </ClInclude>
    <ClInclude Include="..\src\cpu\core_normal\prefix_66.h">
      <Filter>Source Files\cpu\core_normal</Filter>
    </ClInclude>
    <ClInclude Include="..\src\cpu\core_normal\prefix_66_0f.h">
      <Filter>Source Files\cpu\core_normal</Filter>
    </ClInclude>
    <ClInclude Include="..\src\cpu\core_normal\prefix_none.h">
      <Filter>Source Files\cpu\core_normal</Filter>
    </ClInclude>
    <ClInclude Include="..\src\cpu\core_normal\string.h">
      <Filter>Source Files\cpu\core_normal</Filter>
    </ClInclude>
    <ClInclude Include="..\src\cpu\core_normal\support.h">
      <Filter>Source Files\cpu\core_normal</Filter>
    </ClInclude>
    <ClInclude Include="..\src\cpu\core_normal\table_ea.h">
      <Filter>Source Files\cpu\core_normal</Filter>
    </ClInclude>
    <ClInclude Include="..\src\cpu\core_full\ea_lookup.h">
      <Filter>Source Files\cpu\core_full</Filter>
    </ClInclude>
    <ClInclude Include="..\src\cpu\core_full\load.h">
      <Filter>Source Files\cpu\core_full</Filter>
    </ClInclude>
    <ClInclude Include="..\src\cpu\core_full\loadwrite.h">
      <Filter>Source Files\cpu\core_full</Filter>
    </ClInclude>
    <ClInclude Include="..\src\cpu\core_full\op.h">
      <Filter>Source Files\cpu\core_full</Filter>
    </ClInclude>
    <ClInclude Include="..\src\cpu\core_full\optable.h">
      <Filter>Source Files\cpu\core_full</Filter>
    </ClInclude>
    <ClInclude Include="..\src\cpu\core_full\save.h">
      <Filter>Source Files\cpu\core_full</Filter>
    </ClInclude>
    <ClInclude Include="..\src\cpu\core_full\string.h">
      <Filter>Source Files\cpu\core_full</Filter>
    </ClInclude>
    <ClInclude Include="..\src\cpu\core_full\support.h">
      <Filter>Source Files\cpu\core_full</Filter>
    </ClInclude>
    <ClInclude Include="..\src\cpu\core_dyn_x86\cache.h">
      <Filter>Source Files\cpu\core_dyn_x86</Filter>
    </ClInclude>
    <ClInclude Include="..\src\cpu\core_dyn_x86\decoder.h">
      <Filter>Source Files\cpu\core_dyn_x86</Filter>
    </ClInclude>
    <ClInclude Include="..\src\cpu\core_dyn_x86\dyn_fpu.h">
      <Filter>Source Files\cpu\core_dyn_x86</Filter>
    </ClInclude>
    <ClInclude Include="..\src\cpu\core_dyn_x86\dyn_fpu_dh.h">
      <Filter>Source Files\cpu\core_dyn_x86</Filter>
    </ClInclude>
    <ClInclude Include="..\src\cpu\core_dyn_x86\helpers.h">
      <Filter>Source Files\cpu\core_dyn_x86</Filter>
    </ClInclude>
    <ClInclude Include="..\src\cpu\core_dyn_x86\risc_x86.h">
      <Filter>Source Files\cpu\core_dyn_x86</Filter>
    </ClInclude>
    <ClInclude Include="..\src\cpu\core_dyn_x86\string.h">
      <Filter>Source Files\cpu\core_dyn_x86</Filter>
    </ClInclude>
    <ClInclude Include="..\src\cpu\core_dynrec\cache.h">
      <Filter>Source Files\cpu\core_dynrec</Filter>
    </ClInclude>
    <ClInclude Include="..\src\cpu\core_dynrec\decoder.h">
      <Filter>Source Files\cpu\core_dynrec</Filter>
    </ClInclude>
    <ClInclude Include="..\src\cpu\core_dynrec\decoder_basic.h">
      <Filter>Source Files\cpu\core_dynrec</Filter>
    </ClInclude>
    <ClInclude Include="..\src\cpu\core_dynrec\decoder_opcodes.h">
      <Filter>Source Files\cpu\core_dynrec</Filter>
    </ClInclude>
    <ClInclude Include="..\src\cpu\core_dynrec\dyn_fpu.h">
      <Filter>Source Files\cpu\core_dynrec</Filter>
    </ClInclude>
    <ClInclude Include="..\src\cpu\core_dynrec\operators.h">
      <Filter>Source Files\cpu\core_dynrec</Filter>
    </ClInclude>
    <ClInclude Include="..\src\cpu\core_dynrec\risc_x64.h">
      <Filter>Source Files\cpu\core_dynrec</Filter>
    </ClInclude>
    <ClInclude Include="..\src\cpu\core_dynrec\risc_x86.h">
      <Filter>Source Files\cpu\core_dynrec</Filter>
    </ClInclude>
    <ClInclude Include="..\src\debug\debug_inc.h">
      <Filter>Source Files\debug</Filter>
    </ClInclude>
    <ClInclude Include="..\src\debug\disasm_tables.h">
      <Filter>Source Files\debug</Filter>
    </ClInclude>
    <ClInclude Include="..\src\dos\dev_con.h">
      <Filter>Source Files\dos</Filter>
    </ClInclude>
    <ClInclude Include="..\src\dos\drives.h">
      <Filter>Source Files\dos\win32headers</Filter>
    </ClInclude>
    <ClInclude Include="..\src\dos\Ntddcdrm.h">
      <Filter>Source Files\dos\win32headers</Filter>
    </ClInclude>
    <ClInclude Include="..\src\dos\Ntddscsi.h">
      <Filter>Source Files\dos\win32headers</Filter>
    </ClInclude>
    <ClInclude Include="..\src\dos\Ntddstor.h">
      <Filter>Source Files\dos\win32headers</Filter>
    </ClInclude>
    <ClInclude Include="..\src\dos\scsidefs.h">
      <Filter>Source Files\dos\win32headers</Filter>
    </ClInclude>
    <ClInclude Include="..\src\dos\wnaspi32.h">
      <Filter>Source Files\dos\win32headers</Filter>
    </ClInclude>
    <ClInclude Include="..\src\dos\cdrom.h">
      <Filter>Source Files\dos\cdrom</Filter>
    </ClInclude>
    <ClInclude Include="..\src\hardware\font-switch.h">
      <Filter>Source Files\hardware</Filter>
    </ClInclude>
    <ClInclude Include="..\src\hardware\serialport\directserial.h">
      <Filter>Source Files\hardware\serialport</Filter>
    </ClInclude>
    <ClInclude Include="..\src\hardware\serialport\libserial.h">
      <Filter>Source Files\hardware\serialport</Filter>
    </ClInclude>
    <ClInclude Include="..\src\hardware\serialport\misc_util.h">
      <Filter>Source Files\hardware\serialport</Filter>
    </ClInclude>
    <ClInclude Include="..\src\hardware\serialport\nullmodem.h">
      <Filter>Source Files\hardware\serialport</Filter>
    </ClInclude>
    <ClInclude Include="..\src\hardware\serialport\serialdummy.h">
      <Filter>Source Files\hardware\serialport</Filter>
    </ClInclude>
    <ClInclude Include="..\src\hardware\serialport\softmodem.h">
      <Filter>Source Files\hardware\serialport</Filter>
    </ClInclude>
    <ClInclude Include="..\src\gui\midi_win32.h">
      <Filter>Source Files\gui</Filter>
    </ClInclude>
    <ClInclude Include="..\src\gui\render_scalers.h">
      <Filter>Source Files\gui</Filter>
    </ClInclude>
    <ClInclude Include="..\src\gui\render_templates.h">
      <Filter>Source Files\gui</Filter>
    </ClInclude>
    <ClInclude Include="..\src\ints\xms.h">
      <Filter>Source Files\ints</Filter>
    </ClInclude>
    <ClInclude Include="..\src\ints\int10.h">
      <Filter>Source Files\ints\int10</Filter>
    </ClInclude>
    <ClInclude Include="..\src\platform\visualc\config.h">
      <Filter>Source Files\visualc</Filter>
    </ClInclude>
    <ClInclude Include="..\src\platform\visualc\unistd.h">
      <Filter>Source Files\visualc</Filter>
    </ClInclude>
    <ClInclude Include="..\src\fpu\fpu_instructions.h">
      <Filter>Source Files\fpu</Filter>
    </ClInclude>
    <ClInclude Include="..\src\fpu\fpu_instructions_x86.h">
      <Filter>Source Files\fpu</Filter>
    </ClInclude>
    <ClInclude Include="..\include\bios.h">
      <Filter>Header Files</Filter>
    </ClInclude>
    <ClInclude Include="..\include\bios_disk.h">
      <Filter>Header Files</Filter>
    </ClInclude>
    <ClInclude Include="..\include\callback.h">
      <Filter>Header Files</Filter>
    </ClInclude>
    <ClInclude Include="..\include\control.h">
      <Filter>Header Files</Filter>
    </ClInclude>
    <ClInclude Include="..\include\cpu.h">
      <Filter>Header Files</Filter>
    </ClInclude>
    <ClInclude Include="..\include\cross.h">
      <Filter>Header Files</Filter>
    </ClInclude>
    <ClInclude Include="..\include\debug.h">
      <Filter>Header Files</Filter>
    </ClInclude>
    <ClInclude Include="..\include\dma.h">
      <Filter>Header Files</Filter>
    </ClInclude>
    <ClInclude Include="..\include\dos_inc.h">
      <Filter>Header Files</Filter>
    </ClInclude>
    <ClInclude Include="..\include\dos_system.h">
      <Filter>Header Files</Filter>
    </ClInclude>
    <ClInclude Include="..\include\dosbox.h">
      <Filter>Header Files</Filter>
    </ClInclude>
    <ClInclude Include="..\include\fpu.h">
      <Filter>Header Files</Filter>
    </ClInclude>
    <ClInclude Include="..\include\hardware.h">
      <Filter>Header Files</Filter>
    </ClInclude>
    <ClInclude Include="..\include\inout.h">
      <Filter>Header Files</Filter>
    </ClInclude>
    <ClInclude Include="..\include\joystick.h">
      <Filter>Header Files</Filter>
    </ClInclude>
    <ClInclude Include="..\include\keyboard.h">
      <Filter>Header Files</Filter>
    </ClInclude>
    <ClInclude Include="..\include\logging.h">
      <Filter>Header Files</Filter>
    </ClInclude>
    <ClInclude Include="..\include\mem.h">
      <Filter>Header Files</Filter>
    </ClInclude>
    <ClInclude Include="..\include\mixer.h">
      <Filter>Header Files</Filter>
    </ClInclude>
    <ClInclude Include="..\include\modules.h">
      <Filter>Header Files</Filter>
    </ClInclude>
    <ClInclude Include="..\include\mouse.h">
      <Filter>Header Files</Filter>
    </ClInclude>
    <ClInclude Include="..\include\paging.h">
      <Filter>Header Files</Filter>
    </ClInclude>
    <ClInclude Include="..\include\pic.h">
      <Filter>Header Files</Filter>
    </ClInclude>
    <ClInclude Include="..\include\programs.h">
      <Filter>Header Files</Filter>
    </ClInclude>
    <ClInclude Include="..\include\regs.h">
      <Filter>Header Files</Filter>
    </ClInclude>
    <ClInclude Include="..\include\render.h">
      <Filter>Header Files</Filter>
    </ClInclude>
    <ClInclude Include="..\include\serialport.h">
      <Filter>Header Files</Filter>
    </ClInclude>
    <ClInclude Include="..\include\setup.h">
      <Filter>Header Files</Filter>
    </ClInclude>
    <ClInclude Include="..\include\shell.h">
      <Filter>Header Files</Filter>
    </ClInclude>
    <ClInclude Include="..\include\support.h">
      <Filter>Header Files</Filter>
    </ClInclude>
    <ClInclude Include="..\include\timer.h">
      <Filter>Header Files</Filter>
    </ClInclude>
    <ClInclude Include="..\include\vga.h">
      <Filter>Header Files</Filter>
    </ClInclude>
    <ClInclude Include="..\include\video.h">
      <Filter>Header Files</Filter>
    </ClInclude>
  </ItemGroup>
  <ItemGroup>
    <Image Include="..\src\dosbox.ico" />
  </ItemGroup>
</Project>